
Microsoft Visual Studio Solution File, Format Version 12.00
# Visual Studio Version 16
VisualStudioVersion = 16.0.29418.71
MinimumVisualStudioVersion = 10.0.40219.1
Project("{FAE04EC0-301F-11D3-BF4B-00C04F79EFBC}") = "Adventofcode 2015", "Adventofcode 2015\Adventofcode 2015.csproj", "{1762A138-6ADD-4558-8E61-A42D41E74911}"
EndProject
Global
	GlobalSection(SolutionConfigurationPlatforms) = preSolution
		Debug|Any CPU = Debug|Any CPU
		Release|Any CPU = Release|Any CPU
	EndGlobalSection
	GlobalSection(ProjectConfigurationPlatforms) = postSolution
		{1762A138-6ADD-4558-8E61-A42D41E74911}.Debug|Any CPU.ActiveCfg = Debug|Any CPU
		{1762A138-6ADD-4558-8E61-A42D41E74911}.Debug|Any CPU.Build.0 = Debug|Any CPU
		{1762A138-6ADD-4558-8E61-A42D41E74911}.Release|Any CPU.ActiveCfg = Release|Any CPU
		{1762A138-6ADD-4558-8E61-A42D41E74911}.Release|Any CPU.Build.0 = Release|Any CPU
	EndGlobalSection
	GlobalSection(SolutionProperties) = preSolution
		HideSolutionNode = FALSE
	EndGlobalSection
	GlobalSection(ExtensibilityGlobals) = postSolution
		SolutionGuid = {41DDF063-C2C4-4EE9-A113-8E36E6699CFF}
	EndGlobalSection
EndGlobal
